
Microsoft Visual Studio Solution File, Format Version 12.00
# Visual Studio Version 17
VisualStudioVersion = 17.0.31912.275
MinimumVisualStudioVersion = 10.0.40219.1
Project("{FAE04EC0-301F-11D3-BF4B-00C04F79EFBC}") = "WindowsFormsApp2", "WindowsFormsApp2.csproj", "{332531DF-0917-4CBE-A32F-D6A582177255}"
EndProject
Global
	GlobalSection(SolutionConfigurationPlatforms) = preSolution
		Debug|Any CPU = Debug|Any CPU
		Release|Any CPU = Release|Any CPU
	EndGlobalSection
	GlobalSection(ProjectConfigurationPlatforms) = postSolution
		{332531DF-0917-4CBE-A32F-D6A582177255}.Debug|Any CPU.ActiveCfg = Debug|Any CPU
		{332531DF-0917-4CBE-A32F-D6A582177255}.Debug|Any CPU.Build.0 = Debug|Any CPU
		{332531DF-0917-4CBE-A32F-D6A582177255}.Release|Any CPU.ActiveCfg = Release|Any CPU
		{332531DF-0917-4CBE-A32F-D6A582177255}.Release|Any CPU.Build.0 = Release|Any CPU
	EndGlobalSection
	GlobalSection(SolutionProperties) = preSolution
		HideSolutionNode = FALSE
	EndGlobalSection
	GlobalSection(ExtensibilityGlobals) = postSolution
		SolutionGuid = {1082B7AA-2A96-4300-8B44-5371839307C0}
	EndGlobalSection
EndGlobal
